// !$*UTF8*$!
{
	archiveVersion = 1;
	classes = {
	};
	objectVersion = 50;
	objects = {

/* Begin PBXBuildFile section */
		17E7967E55527EF367A9022E /* Pods_Surprise.framework in Frameworks */ = {isa = PBXBuildFile; fileRef = 006A5A359DCA4FE63AFB630E /* Pods_Surprise.framework */; };
		22730F8CD929089C6D222F95 /* Pods_SurpriseUITests.framework in Frameworks */ = {isa = PBXBuildFile; fileRef = 6821CC4B7F738AAFBA4E4FE1 /* Pods_SurpriseUITests.framework */; };
		8811A6FE23649EC60069E9A9 /* UIStoryboard++.swift in Sources */ = {isa = PBXBuildFile; fileRef = 8811A6FD23649EC60069E9A9 /* UIStoryboard++.swift */; };
		8811A7002364AFFB0069E9A9 /* AccountViewModels.swift in Sources */ = {isa = PBXBuildFile; fileRef = 8811A6FF2364AFFB0069E9A9 /* AccountViewModels.swift */; };
		8811A7022364D2A70069E9A9 /* AccountBottomView.swift in Sources */ = {isa = PBXBuildFile; fileRef = 8811A7012364D2A70069E9A9 /* AccountBottomView.swift */; };
		8811A7042364E5990069E9A9 /* UITableView++.swift in Sources */ = {isa = PBXBuildFile; fileRef = 8811A7032364E5990069E9A9 /* UITableView++.swift */; };
		8811A7072364F4A00069E9A9 /* UIImage++.swift in Sources */ = {isa = PBXBuildFile; fileRef = 8811A7062364F4A00069E9A9 /* UIImage++.swift */; };
		8811A70B2364F9370069E9A9 /* AccountRouter.swift in Sources */ = {isa = PBXBuildFile; fileRef = 8811A70A2364F9370069E9A9 /* AccountRouter.swift */; };
		8811A70D2364F9680069E9A9 /* AppRouter.swift in Sources */ = {isa = PBXBuildFile; fileRef = 8811A70C2364F9680069E9A9 /* AppRouter.swift */; };
		8811A711236501280069E9A9 /* AboutAssembler.swift in Sources */ = {isa = PBXBuildFile; fileRef = 8811A710236501280069E9A9 /* AboutAssembler.swift */; };
		8811A713236503360069E9A9 /* AboutViewController.swift in Sources */ = {isa = PBXBuildFile; fileRef = 8811A712236503360069E9A9 /* AboutViewController.swift */; };
		8811A715236503FF0069E9A9 /* About.storyboard in Resources */ = {isa = PBXBuildFile; fileRef = 8811A714236503FF0069E9A9 /* About.storyboard */; };
		8811A719236512DF0069E9A9 /* SettingsAssembler.swift in Sources */ = {isa = PBXBuildFile; fileRef = 8811A718236512DF0069E9A9 /* SettingsAssembler.swift */; };
		8811A71B2365130C0069E9A9 /* SettingsViewController.swift in Sources */ = {isa = PBXBuildFile; fileRef = 8811A71A2365130C0069E9A9 /* SettingsViewController.swift */; };
		8811A71D2365132E0069E9A9 /* Settings.storyboard in Resources */ = {isa = PBXBuildFile; fileRef = 8811A71C2365132E0069E9A9 /* Settings.storyboard */; };
		8811A71F236515200069E9A9 /* AccountAssembler.swift in Sources */ = {isa = PBXBuildFile; fileRef = 8811A71E236515200069E9A9 /* AccountAssembler.swift */; };
		8811A721236517840069E9A9 /* AccountMenuItemCell.swift in Sources */ = {isa = PBXBuildFile; fileRef = 8811A720236517840069E9A9 /* AccountMenuItemCell.swift */; };
		8811A72323651A3F0069E9A9 /* NSObject++.swift in Sources */ = {isa = PBXBuildFile; fileRef = 8811A72223651A3F0069E9A9 /* NSObject++.swift */; };
		88A60ABF23644AAD0013A254 /* AppDelegate.swift in Sources */ = {isa = PBXBuildFile; fileRef = 88A60ABE23644AAD0013A254 /* AppDelegate.swift */; };
		88A60AC823644AAE0013A254 /* Assets.xcassets in Resources */ = {isa = PBXBuildFile; fileRef = 88A60AC723644AAE0013A254 /* Assets.xcassets */; };
		88A60ACB23644AAE0013A254 /* LaunchScreen.storyboard in Resources */ = {isa = PBXBuildFile; fileRef = 88A60AC923644AAE0013A254 /* LaunchScreen.storyboard */; };
		88A60AD623644AAE0013A254 /* SurpriseTests.swift in Sources */ = {isa = PBXBuildFile; fileRef = 88A60AD523644AAE0013A254 /* SurpriseTests.swift */; };
		88A60AE123644AAE0013A254 /* SurpriseUITests.swift in Sources */ = {isa = PBXBuildFile; fileRef = 88A60AE023644AAE0013A254 /* SurpriseUITests.swift */; };
		88A60AF0236467EE0013A254 /* Account.storyboard in Resources */ = {isa = PBXBuildFile; fileRef = 88A60AEF236467EE0013A254 /* Account.storyboard */; };
		88A60AF4236474CB0013A254 /* AccountViewController.swift in Sources */ = {isa = PBXBuildFile; fileRef = 88A60AF3236474CB0013A254 /* AccountViewController.swift */; };
		88A60AF6236478530013A254 /* AccountInteractor.swift in Sources */ = {isa = PBXBuildFile; fileRef = 88A60AF5236478530013A254 /* AccountInteractor.swift */; };
		88A60AFA236478880013A254 /* AccountPresenter.swift in Sources */ = {isa = PBXBuildFile; fileRef = 88A60AF9236478880013A254 /* AccountPresenter.swift */; };
		88A60AFC23647C500013A254 /* AppAssembler.swift in Sources */ = {isa = PBXBuildFile; fileRef = 88A60AFB23647C500013A254 /* AppAssembler.swift */; };
		CB8BCE807F0CA91A04B3AFD1 /* Pods_SurpriseTests.framework in Frameworks */ = {isa = PBXBuildFile; fileRef = 07004C838422C47B12E17340 /* Pods_SurpriseTests.framework */; };
/* End PBXBuildFile section */

/* Begin PBXContainerItemProxy section */
		88A60AD223644AAE0013A254 /* PBXContainerItemProxy */ = {
			isa = PBXContainerItemProxy;
			containerPortal = 88A60AB323644AAD0013A254 /* Project object */;
			proxyType = 1;
			remoteGlobalIDString = 88A60ABA23644AAD0013A254;
			remoteInfo = Surprise;
		};
		88A60ADD23644AAE0013A254 /* PBXContainerItemProxy */ = {
			isa = PBXContainerItemProxy;
			containerPortal = 88A60AB323644AAD0013A254 /* Project object */;
			proxyType = 1;
			remoteGlobalIDString = 88A60ABA23644AAD0013A254;
			remoteInfo = Surprise;
		};
/* End PBXContainerItemProxy section */

/* Begin PBXFileReference section */
		006A5A359DCA4FE63AFB630E /* Pods_Surprise.framework */ = {isa = PBXFileReference; explicitFileType = wrapper.framework; includeInIndex = 0; path = Pods_Surprise.framework; sourceTree = BUILT_PRODUCTS_DIR; };
		07004C838422C47B12E17340 /* Pods_SurpriseTests.framework */ = {isa = PBXFileReference; explicitFileType = wrapper.framework; includeInIndex = 0; path = Pods_SurpriseTests.framework; sourceTree = BUILT_PRODUCTS_DIR; };
		0E210B93E4642701FA00F35B /* Pods-SurpriseUITests.release.xcconfig */ = {isa = PBXFileReference; includeInIndex = 1; lastKnownFileType = text.xcconfig; name = "Pods-SurpriseUITests.release.xcconfig"; path = "Target Support Files/Pods-SurpriseUITests/Pods-SurpriseUITests.release.xcconfig"; sourceTree = "<group>"; };
		351D06C576A8EC275AD33F64 /* Pods-SurpriseTests.debug.xcconfig */ = {isa = PBXFileReference; includeInIndex = 1; lastKnownFileType = text.xcconfig; name = "Pods-SurpriseTests.debug.xcconfig"; path = "Target Support Files/Pods-SurpriseTests/Pods-SurpriseTests.debug.xcconfig"; sourceTree = "<group>"; };
		45130EDE575F525563006F2D /* Pods-Surprise.release.xcconfig */ = {isa = PBXFileReference; includeInIndex = 1; lastKnownFileType = text.xcconfig; name = "Pods-Surprise.release.xcconfig"; path = "Target Support Files/Pods-Surprise/Pods-Surprise.release.xcconfig"; sourceTree = "<group>"; };
		471018A9FA95ABBF16D82203 /* Pods-Surprise.debug.xcconfig */ = {isa = PBXFileReference; includeInIndex = 1; lastKnownFileType = text.xcconfig; name = "Pods-Surprise.debug.xcconfig"; path = "Target Support Files/Pods-Surprise/Pods-Surprise.debug.xcconfig"; sourceTree = "<group>"; };
		5F56F97B04B0F769484B0679 /* Pods-SurpriseUITests.debug.xcconfig */ = {isa = PBXFileReference; includeInIndex = 1; lastKnownFileType = text.xcconfig; name = "Pods-SurpriseUITests.debug.xcconfig"; path = "Target Support Files/Pods-SurpriseUITests/Pods-SurpriseUITests.debug.xcconfig"; sourceTree = "<group>"; };
		6821CC4B7F738AAFBA4E4FE1 /* Pods_SurpriseUITests.framework */ = {isa = PBXFileReference; explicitFileType = wrapper.framework; includeInIndex = 0; path = Pods_SurpriseUITests.framework; sourceTree = BUILT_PRODUCTS_DIR; };
		8811A6FD23649EC60069E9A9 /* UIStoryboard++.swift */ = {isa = PBXFileReference; lastKnownFileType = sourcecode.swift; path = "UIStoryboard++.swift"; sourceTree = "<group>"; };
		8811A6FF2364AFFB0069E9A9 /* AccountViewModels.swift */ = {isa = PBXFileReference; lastKnownFileType = sourcecode.swift; path = AccountViewModels.swift; sourceTree = "<group>"; };
		8811A7012364D2A70069E9A9 /* AccountBottomView.swift */ = {isa = PBXFileReference; lastKnownFileType = sourcecode.swift; path = AccountBottomView.swift; sourceTree = "<group>"; };
		8811A7032364E5990069E9A9 /* UITableView++.swift */ = {isa = PBXFileReference; lastKnownFileType = sourcecode.swift; path = "UITableView++.swift"; sourceTree = "<group>"; };
		8811A7062364F4A00069E9A9 /* UIImage++.swift */ = {isa = PBXFileReference; lastKnownFileType = sourcecode.swift; path = "UIImage++.swift"; sourceTree = "<group>"; };
		8811A70A2364F9370069E9A9 /* AccountRouter.swift */ = {isa = PBXFileReference; lastKnownFileType = sourcecode.swift; path = AccountRouter.swift; sourceTree = "<group>"; };
		8811A70C2364F9680069E9A9 /* AppRouter.swift */ = {isa = PBXFileReference; lastKnownFileType = sourcecode.swift; path = AppRouter.swift; sourceTree = "<group>"; };
		8811A710236501280069E9A9 /* AboutAssembler.swift */ = {isa = PBXFileReference; lastKnownFileType = sourcecode.swift; path = AboutAssembler.swift; sourceTree = "<group>"; };
		8811A712236503360069E9A9 /* AboutViewController.swift */ = {isa = PBXFileReference; lastKnownFileType = sourcecode.swift; path = AboutViewController.swift; sourceTree = "<group>"; };
		8811A714236503FF0069E9A9 /* About.storyboard */ = {isa = PBXFileReference; lastKnownFileType = file.storyboard; path = About.storyboard; sourceTree = "<group>"; };
		8811A718236512DF0069E9A9 /* SettingsAssembler.swift */ = {isa = PBXFileReference; lastKnownFileType = sourcecode.swift; path = SettingsAssembler.swift; sourceTree = "<group>"; };
		8811A71A2365130C0069E9A9 /* SettingsViewController.swift */ = {isa = PBXFileReference; lastKnownFileType = sourcecode.swift; path = SettingsViewController.swift; sourceTree = "<group>"; };
		8811A71C2365132E0069E9A9 /* Settings.storyboard */ = {isa = PBXFileReference; lastKnownFileType = file.storyboard; path = Settings.storyboard; sourceTree = "<group>"; };
		8811A71E236515200069E9A9 /* AccountAssembler.swift */ = {isa = PBXFileReference; lastKnownFileType = sourcecode.swift; path = AccountAssembler.swift; sourceTree = "<group>"; };
		8811A720236517840069E9A9 /* AccountMenuItemCell.swift */ = {isa = PBXFileReference; lastKnownFileType = sourcecode.swift; path = AccountMenuItemCell.swift; sourceTree = "<group>"; };
		8811A72223651A3F0069E9A9 /* NSObject++.swift */ = {isa = PBXFileReference; lastKnownFileType = sourcecode.swift; path = "NSObject++.swift"; sourceTree = "<group>"; };
		88A60ABB23644AAD0013A254 /* Surprise.app */ = {isa = PBXFileReference; explicitFileType = wrapper.application; includeInIndex = 0; path = Surprise.app; sourceTree = BUILT_PRODUCTS_DIR; };
		88A60ABE23644AAD0013A254 /* AppDelegate.swift */ = {isa = PBXFileReference; lastKnownFileType = sourcecode.swift; path = AppDelegate.swift; sourceTree = "<group>"; };
		88A60AC723644AAE0013A254 /* Assets.xcassets */ = {isa = PBXFileReference; lastKnownFileType = folder.assetcatalog; path = Assets.xcassets; sourceTree = "<group>"; };
		88A60ACA23644AAE0013A254 /* Base */ = {isa = PBXFileReference; lastKnownFileType = file.storyboard; name = Base; path = Base.lproj/LaunchScreen.storyboard; sourceTree = "<group>"; };
		88A60ACC23644AAE0013A254 /* Info.plist */ = {isa = PBXFileReference; lastKnownFileType = text.plist.xml; path = Info.plist; sourceTree = "<group>"; };
		88A60AD123644AAE0013A254 /* SurpriseTests.xctest */ = {isa = PBXFileReference; explicitFileType = wrapper.cfbundle; includeInIndex = 0; path = SurpriseTests.xctest; sourceTree = BUILT_PRODUCTS_DIR; };
		88A60AD523644AAE0013A254 /* SurpriseTests.swift */ = {isa = PBXFileReference; lastKnownFileType = sourcecode.swift; path = SurpriseTests.swift; sourceTree = "<group>"; };
		88A60AD723644AAE0013A254 /* Info.plist */ = {isa = PBXFileReference; lastKnownFileType = text.plist.xml; path = Info.plist; sourceTree = "<group>"; };
		88A60ADC23644AAE0013A254 /* SurpriseUITests.xctest */ = {isa = PBXFileReference; explicitFileType = wrapper.cfbundle; includeInIndex = 0; path = SurpriseUITests.xctest; sourceTree = BUILT_PRODUCTS_DIR; };
		88A60AE023644AAE0013A254 /* SurpriseUITests.swift */ = {isa = PBXFileReference; lastKnownFileType = sourcecode.swift; path = SurpriseUITests.swift; sourceTree = "<group>"; };
		88A60AE223644AAE0013A254 /* Info.plist */ = {isa = PBXFileReference; lastKnownFileType = text.plist.xml; path = Info.plist; sourceTree = "<group>"; };
		88A60AEF236467EE0013A254 /* Account.storyboard */ = {isa = PBXFileReference; lastKnownFileType = file.storyboard; path = Account.storyboard; sourceTree = "<group>"; };
		88A60AF3236474CB0013A254 /* AccountViewController.swift */ = {isa = PBXFileReference; lastKnownFileType = sourcecode.swift; path = AccountViewController.swift; sourceTree = "<group>"; };
		88A60AF5236478530013A254 /* AccountInteractor.swift */ = {isa = PBXFileReference; lastKnownFileType = sourcecode.swift; path = AccountInteractor.swift; sourceTree = "<group>"; };
		88A60AF9236478880013A254 /* AccountPresenter.swift */ = {isa = PBXFileReference; lastKnownFileType = sourcecode.swift; path = AccountPresenter.swift; sourceTree = "<group>"; };
		88A60AFB23647C500013A254 /* AppAssembler.swift */ = {isa = PBXFileReference; lastKnownFileType = sourcecode.swift; path = AppAssembler.swift; sourceTree = "<group>"; };
		D020D10873280F0D6F8DA671 /* Pods-SurpriseTests.release.xcconfig */ = {isa = PBXFileReference; includeInIndex = 1; lastKnownFileType = text.xcconfig; name = "Pods-SurpriseTests.release.xcconfig"; path = "Target Support Files/Pods-SurpriseTests/Pods-SurpriseTests.release.xcconfig"; sourceTree = "<group>"; };
/* End PBXFileReference section */

/* Begin PBXFrameworksBuildPhase section */
		88A60AB823644AAD0013A254 /* Frameworks */ = {
			isa = PBXFrameworksBuildPhase;
			buildActionMask = 2147483647;
			files = (
				17E7967E55527EF367A9022E /* Pods_Surprise.framework in Frameworks */,
			);
			runOnlyForDeploymentPostprocessing = 0;
		};
		88A60ACE23644AAE0013A254 /* Frameworks */ = {
			isa = PBXFrameworksBuildPhase;
			buildActionMask = 2147483647;
			files = (
				CB8BCE807F0CA91A04B3AFD1 /* Pods_SurpriseTests.framework in Frameworks */,
			);
			runOnlyForDeploymentPostprocessing = 0;
		};
		88A60AD923644AAE0013A254 /* Frameworks */ = {
			isa = PBXFrameworksBuildPhase;
			buildActionMask = 2147483647;
			files = (
				22730F8CD929089C6D222F95 /* Pods_SurpriseUITests.framework in Frameworks */,
			);
			runOnlyForDeploymentPostprocessing = 0;
		};
/* End PBXFrameworksBuildPhase section */

/* Begin PBXGroup section */
		105F1AE7B3EEDA15E0B65A0C /* Frameworks */ = {
			isa = PBXGroup;
			children = (
				006A5A359DCA4FE63AFB630E /* Pods_Surprise.framework */,
				07004C838422C47B12E17340 /* Pods_SurpriseTests.framework */,
				6821CC4B7F738AAFBA4E4FE1 /* Pods_SurpriseUITests.framework */,
			);
			name = Frameworks;
			sourceTree = "<group>";
		};
		8811A7052364F48D0069E9A9 /* Extensions */ = {
			isa = PBXGroup;
			children = (
				8811A72223651A3F0069E9A9 /* NSObject++.swift */,
				8811A7032364E5990069E9A9 /* UITableView++.swift */,
				8811A7062364F4A00069E9A9 /* UIImage++.swift */,
				8811A6FD23649EC60069E9A9 /* UIStoryboard++.swift */,
			);
			path = Extensions;
			sourceTree = "<group>";
		};
		8811A70E236501110069E9A9 /* About */ = {
			isa = PBXGroup;
			children = (
				8811A710236501280069E9A9 /* AboutAssembler.swift */,
				8811A712236503360069E9A9 /* AboutViewController.swift */,
				8811A714236503FF0069E9A9 /* About.storyboard */,
			);
			path = About;
			sourceTree = "<group>";
		};
		8811A70F236501180069E9A9 /* Settings */ = {
			isa = PBXGroup;
			children = (
				8811A718236512DF0069E9A9 /* SettingsAssembler.swift */,
				8811A71A2365130C0069E9A9 /* SettingsViewController.swift */,
				8811A71C2365132E0069E9A9 /* Settings.storyboard */,
			);
			path = Settings;
			sourceTree = "<group>";
		};
		8811A72423651CD90069E9A9 /* App */ = {
			isa = PBXGroup;
			children = (
				88A60ABE23644AAD0013A254 /* AppDelegate.swift */,
				88A60AFB23647C500013A254 /* AppAssembler.swift */,
				8811A70C2364F9680069E9A9 /* AppRouter.swift */,
			);
			path = App;
			sourceTree = "<group>";
		};
		88A60AB223644AAD0013A254 = {
			isa = PBXGroup;
			children = (
				88A60ABD23644AAD0013A254 /* Surprise */,
				88A60AD423644AAE0013A254 /* SurpriseTests */,
				88A60ADF23644AAE0013A254 /* SurpriseUITests */,
				88A60ABC23644AAD0013A254 /* Products */,
				9930053AFEA235DC4ADE1820 /* Pods */,
				105F1AE7B3EEDA15E0B65A0C /* Frameworks */,
			);
			sourceTree = "<group>";
		};
		88A60ABC23644AAD0013A254 /* Products */ = {
			isa = PBXGroup;
			children = (
				88A60ABB23644AAD0013A254 /* Surprise.app */,
				88A60AD123644AAE0013A254 /* SurpriseTests.xctest */,
				88A60ADC23644AAE0013A254 /* SurpriseUITests.xctest */,
			);
			name = Products;
			sourceTree = "<group>";
		};
		88A60ABD23644AAD0013A254 /* Surprise */ = {
			isa = PBXGroup;
			children = (
				8811A72423651CD90069E9A9 /* App */,
				8811A7052364F48D0069E9A9 /* Extensions */,
				88A60AF7236478620013A254 /* Modules */,
				88A60AC723644AAE0013A254 /* Assets.xcassets */,
				88A60AC923644AAE0013A254 /* LaunchScreen.storyboard */,
				88A60ACC23644AAE0013A254 /* Info.plist */,
			);
			path = Surprise;
			sourceTree = "<group>";
		};
		88A60AD423644AAE0013A254 /* SurpriseTests */ = {
			isa = PBXGroup;
			children = (
				88A60AD523644AAE0013A254 /* SurpriseTests.swift */,
				88A60AD723644AAE0013A254 /* Info.plist */,
			);
			path = SurpriseTests;
			sourceTree = "<group>";
		};
		88A60ADF23644AAE0013A254 /* SurpriseUITests */ = {
			isa = PBXGroup;
			children = (
				88A60AE023644AAE0013A254 /* SurpriseUITests.swift */,
				88A60AE223644AAE0013A254 /* Info.plist */,
			);
			path = SurpriseUITests;
			sourceTree = "<group>";
		};
		88A60AF7236478620013A254 /* Modules */ = {
			isa = PBXGroup;
			children = (
				8811A70E236501110069E9A9 /* About */,
				88A60AF8236478670013A254 /* Account */,
				8811A70F236501180069E9A9 /* Settings */,
			);
			path = Modules;
			sourceTree = "<group>";
		};
		88A60AF8236478670013A254 /* Account */ = {
			isa = PBXGroup;
			children = (
				88A60AF3236474CB0013A254 /* AccountViewController.swift */,
				8811A720236517840069E9A9 /* AccountMenuItemCell.swift */,
				8811A71E236515200069E9A9 /* AccountAssembler.swift */,
				88A60AF5236478530013A254 /* AccountInteractor.swift */,
				8811A6FF2364AFFB0069E9A9 /* AccountViewModels.swift */,
				88A60AF9236478880013A254 /* AccountPresenter.swift */,
				8811A70A2364F9370069E9A9 /* AccountRouter.swift */,
				8811A7012364D2A70069E9A9 /* AccountBottomView.swift */,
				88A60AEF236467EE0013A254 /* Account.storyboard */,
			);
			path = Account;
			sourceTree = "<group>";
		};
		9930053AFEA235DC4ADE1820 /* Pods */ = {
			isa = PBXGroup;
			children = (
				471018A9FA95ABBF16D82203 /* Pods-Surprise.debug.xcconfig */,
				45130EDE575F525563006F2D /* Pods-Surprise.release.xcconfig */,
				351D06C576A8EC275AD33F64 /* Pods-SurpriseTests.debug.xcconfig */,
				D020D10873280F0D6F8DA671 /* Pods-SurpriseTests.release.xcconfig */,
				5F56F97B04B0F769484B0679 /* Pods-SurpriseUITests.debug.xcconfig */,
				0E210B93E4642701FA00F35B /* Pods-SurpriseUITests.release.xcconfig */,
			);
			path = Pods;
			sourceTree = "<group>";
		};
/* End PBXGroup section */

/* Begin PBXNativeTarget section */
		88A60ABA23644AAD0013A254 /* Surprise */ = {
			isa = PBXNativeTarget;
			buildConfigurationList = 88A60AE523644AAE0013A254 /* Build configuration list for PBXNativeTarget "Surprise" */;
			buildPhases = (
				D93D4572A4F69A68C9965F11 /* [CP] Check Pods Manifest.lock */,
				88A60AEE23644D1C0013A254 /* [SwiftLint] */,
				88A60AB723644AAD0013A254 /* Sources */,
				88A60AB823644AAD0013A254 /* Frameworks */,
				88A60AB923644AAD0013A254 /* Resources */,
				EC1B0A53C6D777B44C5FAB86 /* [CP] Embed Pods Frameworks */,
			);
			buildRules = (
			);
			dependencies = (
			);
			name = Surprise;
			productName = Surprise;
			productReference = 88A60ABB23644AAD0013A254 /* Surprise.app */;
			productType = "com.apple.product-type.application";
		};
		88A60AD023644AAE0013A254 /* SurpriseTests */ = {
			isa = PBXNativeTarget;
			buildConfigurationList = 88A60AE823644AAE0013A254 /* Build configuration list for PBXNativeTarget "SurpriseTests" */;
			buildPhases = (
				9D07BD3DEBD606419BAAD748 /* [CP] Check Pods Manifest.lock */,
				88A60ACD23644AAE0013A254 /* Sources */,
				88A60ACE23644AAE0013A254 /* Frameworks */,
				88A60ACF23644AAE0013A254 /* Resources */,
			);
			buildRules = (
			);
			dependencies = (
				88A60AD323644AAE0013A254 /* PBXTargetDependency */,
			);
			name = SurpriseTests;
			productName = SurpriseTests;
			productReference = 88A60AD123644AAE0013A254 /* SurpriseTests.xctest */;
			productType = "com.apple.product-type.bundle.unit-test";
		};
		88A60ADB23644AAE0013A254 /* SurpriseUITests */ = {
			isa = PBXNativeTarget;
			buildConfigurationList = 88A60AEB23644AAE0013A254 /* Build configuration list for PBXNativeTarget "SurpriseUITests" */;
			buildPhases = (
				B1D81B5F051BD84175EBBC89 /* [CP] Check Pods Manifest.lock */,
				88A60AD823644AAE0013A254 /* Sources */,
				88A60AD923644AAE0013A254 /* Frameworks */,
				88A60ADA23644AAE0013A254 /* Resources */,
			);
			buildRules = (
			);
			dependencies = (
				88A60ADE23644AAE0013A254 /* PBXTargetDependency */,
			);
			name = SurpriseUITests;
			productName = SurpriseUITests;
			productReference = 88A60ADC23644AAE0013A254 /* SurpriseUITests.xctest */;
			productType = "com.apple.product-type.bundle.ui-testing";
		};
/* End PBXNativeTarget section */

/* Begin PBXProject section */
		88A60AB323644AAD0013A254 /* Project object */ = {
			isa = PBXProject;
			attributes = {
				LastSwiftUpdateCheck = 1110;
				LastUpgradeCheck = 1110;
				ORGANIZATIONNAME = "Alexey Salangin";
				TargetAttributes = {
					88A60ABA23644AAD0013A254 = {
						CreatedOnToolsVersion = 11.1;
					};
					88A60AD023644AAE0013A254 = {
						CreatedOnToolsVersion = 11.1;
						TestTargetID = 88A60ABA23644AAD0013A254;
					};
					88A60ADB23644AAE0013A254 = {
						CreatedOnToolsVersion = 11.1;
						TestTargetID = 88A60ABA23644AAD0013A254;
					};
				};
			};
			buildConfigurationList = 88A60AB623644AAD0013A254 /* Build configuration list for PBXProject "Surprise" */;
			compatibilityVersion = "Xcode 9.3";
			developmentRegion = en;
			hasScannedForEncodings = 0;
			knownRegions = (
				en,
				Base,
			);
			mainGroup = 88A60AB223644AAD0013A254;
			productRefGroup = 88A60ABC23644AAD0013A254 /* Products */;
			projectDirPath = "";
			projectRoot = "";
			targets = (
				88A60ABA23644AAD0013A254 /* Surprise */,
				88A60AD023644AAE0013A254 /* SurpriseTests */,
				88A60ADB23644AAE0013A254 /* SurpriseUITests */,
			);
		};
/* End PBXProject section */

/* Begin PBXResourcesBuildPhase section */
		88A60AB923644AAD0013A254 /* Resources */ = {
			isa = PBXResourcesBuildPhase;
			buildActionMask = 2147483647;
			files = (
				88A60AF0236467EE0013A254 /* Account.storyboard in Resources */,
				88A60ACB23644AAE0013A254 /* LaunchScreen.storyboard in Resources */,
				8811A715236503FF0069E9A9 /* About.storyboard in Resources */,
				88A60AC823644AAE0013A254 /* Assets.xcassets in Resources */,
				8811A71D2365132E0069E9A9 /* Settings.storyboard in Resources */,
			);
			runOnlyForDeploymentPostprocessing = 0;
		};
		88A60ACF23644AAE0013A254 /* Resources */ = {
			isa = PBXResourcesBuildPhase;
			buildActionMask = 2147483647;
			files = (
			);
			runOnlyForDeploymentPostprocessing = 0;
		};
		88A60ADA23644AAE0013A254 /* Resources */ = {
			isa = PBXResourcesBuildPhase;
			buildActionMask = 2147483647;
			files = (
			);
			runOnlyForDeploymentPostprocessing = 0;
		};
/* End PBXResourcesBuildPhase section */

/* Begin PBXShellScriptBuildPhase section */
		88A60AEE23644D1C0013A254 /* [SwiftLint] */ = {
			isa = PBXShellScriptBuildPhase;
			buildActionMask = 2147483647;
			files = (
			);
			inputFileListPaths = (
			);
			inputPaths = (
			);
			name = "[SwiftLint]";
			outputFileListPaths = (
			);
			outputPaths = (
			);
			runOnlyForDeploymentPostprocessing = 0;
			shellPath = /bin/sh;
			shellScript = "\"${PODS_ROOT}/SwiftLint/swiftlint\"\n";
		};
		9D07BD3DEBD606419BAAD748 /* [CP] Check Pods Manifest.lock */ = {
			isa = PBXShellScriptBuildPhase;
			buildActionMask = 2147483647;
			files = (
			);
			inputFileListPaths = (
			);
			inputPaths = (
				"${PODS_PODFILE_DIR_PATH}/Podfile.lock",
				"${PODS_ROOT}/Manifest.lock",
			);
			name = "[CP] Check Pods Manifest.lock";
			outputFileListPaths = (
			);
			outputPaths = (
				"$(DERIVED_FILE_DIR)/Pods-SurpriseTests-checkManifestLockResult.txt",
			);
			runOnlyForDeploymentPostprocessing = 0;
			shellPath = /bin/sh;
			shellScript = "diff \"${PODS_PODFILE_DIR_PATH}/Podfile.lock\" \"${PODS_ROOT}/Manifest.lock\" > /dev/null\nif [ $? != 0 ] ; then\n    # print error to STDERR\n    echo \"error: The sandbox is not in sync with the Podfile.lock. Run 'pod install' or update your CocoaPods installation.\" >&2\n    exit 1\nfi\n# This output is used by Xcode 'outputs' to avoid re-running this script phase.\necho \"SUCCESS\" > \"${SCRIPT_OUTPUT_FILE_0}\"\n";
			showEnvVarsInLog = 0;
		};
		B1D81B5F051BD84175EBBC89 /* [CP] Check Pods Manifest.lock */ = {
			isa = PBXShellScriptBuildPhase;
			buildActionMask = 2147483647;
			files = (
			);
			inputFileListPaths = (
			);
			inputPaths = (
				"${PODS_PODFILE_DIR_PATH}/Podfile.lock",
				"${PODS_ROOT}/Manifest.lock",
			);
			name = "[CP] Check Pods Manifest.lock";
			outputFileListPaths = (
			);
			outputPaths = (
				"$(DERIVED_FILE_DIR)/Pods-SurpriseUITests-checkManifestLockResult.txt",
			);
			runOnlyForDeploymentPostprocessing = 0;
			shellPath = /bin/sh;
			shellScript = "diff \"${PODS_PODFILE_DIR_PATH}/Podfile.lock\" \"${PODS_ROOT}/Manifest.lock\" > /dev/null\nif [ $? != 0 ] ; then\n    # print error to STDERR\n    echo \"error: The sandbox is not in sync with the Podfile.lock. Run 'pod install' or update your CocoaPods installation.\" >&2\n    exit 1\nfi\n# This output is used by Xcode 'outputs' to avoid re-running this script phase.\necho \"SUCCESS\" > \"${SCRIPT_OUTPUT_FILE_0}\"\n";
			showEnvVarsInLog = 0;
		};
		D93D4572A4F69A68C9965F11 /* [CP] Check Pods Manifest.lock */ = {
			isa = PBXShellScriptBuildPhase;
			buildActionMask = 2147483647;
			files = (
			);
			inputFileListPaths = (
			);
			inputPaths = (
				"${PODS_PODFILE_DIR_PATH}/Podfile.lock",
				"${PODS_ROOT}/Manifest.lock",
			);
			name = "[CP] Check Pods Manifest.lock";
			outputFileListPaths = (
			);
			outputPaths = (
				"$(DERIVED_FILE_DIR)/Pods-Surprise-checkManifestLockResult.txt",
			);
			runOnlyForDeploymentPostprocessing = 0;
			shellPath = /bin/sh;
			shellScript = "diff \"${PODS_PODFILE_DIR_PATH}/Podfile.lock\" \"${PODS_ROOT}/Manifest.lock\" > /dev/null\nif [ $? != 0 ] ; then\n    # print error to STDERR\n    echo \"error: The sandbox is not in sync with the Podfile.lock. Run 'pod install' or update your CocoaPods installation.\" >&2\n    exit 1\nfi\n# This output is used by Xcode 'outputs' to avoid re-running this script phase.\necho \"SUCCESS\" > \"${SCRIPT_OUTPUT_FILE_0}\"\n";
			showEnvVarsInLog = 0;
		};
		EC1B0A53C6D777B44C5FAB86 /* [CP] Embed Pods Frameworks */ = {
			isa = PBXShellScriptBuildPhase;
			buildActionMask = 2147483647;
			files = (
			);
			inputFileListPaths = (
			);
			inputPaths = (
				"${PODS_ROOT}/Target Support Files/Pods-Surprise/Pods-Surprise-frameworks.sh",
				"${BUILT_PRODUCTS_DIR}/Swinject/Swinject.framework",
				"${BUILT_PRODUCTS_DIR}/SwinjectAutoregistration/SwinjectAutoregistration.framework",
			);
			name = "[CP] Embed Pods Frameworks";
			outputFileListPaths = (
			);
			outputPaths = (
				"${TARGET_BUILD_DIR}/${FRAMEWORKS_FOLDER_PATH}/Swinject.framework",
				"${TARGET_BUILD_DIR}/${FRAMEWORKS_FOLDER_PATH}/SwinjectAutoregistration.framework",
			);
			runOnlyForDeploymentPostprocessing = 0;
			shellPath = /bin/sh;
			shellScript = "\"${PODS_ROOT}/Target Support Files/Pods-Surprise/Pods-Surprise-frameworks.sh\"\n";
			showEnvVarsInLog = 0;
		};
/* End PBXShellScriptBuildPhase section */

/* Begin PBXSourcesBuildPhase section */
		88A60AB723644AAD0013A254 /* Sources */ = {
			isa = PBXSourcesBuildPhase;
			buildActionMask = 2147483647;
			files = (
				8811A70B2364F9370069E9A9 /* AccountRouter.swift in Sources */,
				8811A71F236515200069E9A9 /* AccountAssembler.swift in Sources */,
				8811A7072364F4A00069E9A9 /* UIImage++.swift in Sources */,
				8811A7042364E5990069E9A9 /* UITableView++.swift in Sources */,
				8811A70D2364F9680069E9A9 /* AppRouter.swift in Sources */,
				88A60AF4236474CB0013A254 /* AccountViewController.swift in Sources */,
				8811A7022364D2A70069E9A9 /* AccountBottomView.swift in Sources */,
				8811A711236501280069E9A9 /* AboutAssembler.swift in Sources */,
				88A60AF6236478530013A254 /* AccountInteractor.swift in Sources */,
				8811A7002364AFFB0069E9A9 /* AccountViewModels.swift in Sources */,
				8811A6FE23649EC60069E9A9 /* UIStoryboard++.swift in Sources */,
				88A60AFA236478880013A254 /* AccountPresenter.swift in Sources */,
				88A60AFC23647C500013A254 /* AppAssembler.swift in Sources */,
				8811A713236503360069E9A9 /* AboutViewController.swift in Sources */,
				88A60ABF23644AAD0013A254 /* AppDelegate.swift in Sources */,
				8811A719236512DF0069E9A9 /* SettingsAssembler.swift in Sources */,
				8811A721236517840069E9A9 /* AccountMenuItemCell.swift in Sources */,
				8811A72323651A3F0069E9A9 /* NSObject++.swift in Sources */,
				8811A71B2365130C0069E9A9 /* SettingsViewController.swift in Sources */,
			);
			runOnlyForDeploymentPostprocessing = 0;
		};
		88A60ACD23644AAE0013A254 /* Sources */ = {
			isa = PBXSourcesBuildPhase;
			buildActionMask = 2147483647;
			files = (
				88A60AD623644AAE0013A254 /* SurpriseTests.swift in Sources */,
			);
			runOnlyForDeploymentPostprocessing = 0;
		};
		88A60AD823644AAE0013A254 /* Sources */ = {
			isa = PBXSourcesBuildPhase;
			buildActionMask = 2147483647;
			files = (
				88A60AE123644AAE0013A254 /* SurpriseUITests.swift in Sources */,
			);
			runOnlyForDeploymentPostprocessing = 0;
		};
/* End PBXSourcesBuildPhase section */

/* Begin PBXTargetDependency section */
		88A60AD323644AAE0013A254 /* PBXTargetDependency */ = {
			isa = PBXTargetDependency;
			target = 88A60ABA23644AAD0013A254 /* Surprise */;
			targetProxy = 88A60AD223644AAE0013A254 /* PBXContainerItemProxy */;
		};
		88A60ADE23644AAE0013A254 /* PBXTargetDependency */ = {
			isa = PBXTargetDependency;
			target = 88A60ABA23644AAD0013A254 /* Surprise */;
			targetProxy = 88A60ADD23644AAE0013A254 /* PBXContainerItemProxy */;
		};
/* End PBXTargetDependency section */

/* Begin PBXVariantGroup section */
		88A60AC923644AAE0013A254 /* LaunchScreen.storyboard */ = {
			isa = PBXVariantGroup;
			children = (
				88A60ACA23644AAE0013A254 /* Base */,
			);
			name = LaunchScreen.storyboard;
			sourceTree = "<group>";
		};
/* End PBXVariantGroup section */

/* Begin XCBuildConfiguration section */
		88A60AE323644AAE0013A254 /* Debug */ = {
			isa = XCBuildConfiguration;
			buildSettings = {
				ALWAYS_SEARCH_USER_PATHS = NO;
				CLANG_ANALYZER_NONNULL = YES;
				CLANG_ANALYZER_NUMBER_OBJECT_CONVERSION = YES_AGGRESSIVE;
				CLANG_CXX_LANGUAGE_STANDARD = "gnu++14";
				CLANG_CXX_LIBRARY = "libc++";
				CLANG_ENABLE_MODULES = YES;
				CLANG_ENABLE_OBJC_ARC = YES;
				CLANG_ENABLE_OBJC_WEAK = YES;
				CLANG_WARN_BLOCK_CAPTURE_AUTORELEASING = YES;
				CLANG_WARN_BOOL_CONVERSION = YES;
				CLANG_WARN_COMMA = YES;
				CLANG_WARN_CONSTANT_CONVERSION = YES;
				CLANG_WARN_DEPRECATED_OBJC_IMPLEMENTATIONS = YES;
				CLANG_WARN_DIRECT_OBJC_ISA_USAGE = YES_ERROR;
				CLANG_WARN_DOCUMENTATION_COMMENTS = YES;
				CLANG_WARN_EMPTY_BODY = YES;
				CLANG_WARN_ENUM_CONVERSION = YES;
				CLANG_WARN_INFINITE_RECURSION = YES;
				CLANG_WARN_INT_CONVERSION = YES;
				CLANG_WARN_NON_LITERAL_NULL_CONVERSION = YES;
				CLANG_WARN_OBJC_IMPLICIT_RETAIN_SELF = YES;
				CLANG_WARN_OBJC_LITERAL_CONVERSION = YES;
				CLANG_WARN_OBJC_ROOT_CLASS = YES_ERROR;
				CLANG_WARN_RANGE_LOOP_ANALYSIS = YES;
				CLANG_WARN_STRICT_PROTOTYPES = YES;
				CLANG_WARN_SUSPICIOUS_MOVE = YES;
				CLANG_WARN_UNGUARDED_AVAILABILITY = YES_AGGRESSIVE;
				CLANG_WARN_UNREACHABLE_CODE = YES;
				CLANG_WARN__DUPLICATE_METHOD_MATCH = YES;
				COPY_PHASE_STRIP = NO;
				DEBUG_INFORMATION_FORMAT = dwarf;
				ENABLE_STRICT_OBJC_MSGSEND = YES;
				ENABLE_TESTABILITY = YES;
				GCC_C_LANGUAGE_STANDARD = gnu11;
				GCC_DYNAMIC_NO_PIC = NO;
				GCC_NO_COMMON_BLOCKS = YES;
				GCC_OPTIMIZATION_LEVEL = 0;
				GCC_PREPROCESSOR_DEFINITIONS = (
					"DEBUG=1",
					"$(inherited)",
				);
				GCC_WARN_64_TO_32_BIT_CONVERSION = YES;
				GCC_WARN_ABOUT_RETURN_TYPE = YES_ERROR;
				GCC_WARN_UNDECLARED_SELECTOR = YES;
				GCC_WARN_UNINITIALIZED_AUTOS = YES_AGGRESSIVE;
				GCC_WARN_UNUSED_FUNCTION = YES;
				GCC_WARN_UNUSED_VARIABLE = YES;
				IPHONEOS_DEPLOYMENT_TARGET = 13.1;
				MTL_ENABLE_DEBUG_INFO = INCLUDE_SOURCE;
				MTL_FAST_MATH = YES;
				ONLY_ACTIVE_ARCH = YES;
				SDKROOT = iphoneos;
				SWIFT_ACTIVE_COMPILATION_CONDITIONS = DEBUG;
				SWIFT_OPTIMIZATION_LEVEL = "-Onone";
			};
			name = Debug;
		};
		88A60AE423644AAE0013A254 /* Release */ = {
			isa = XCBuildConfiguration;
			buildSettings = {
				ALWAYS_SEARCH_USER_PATHS = NO;
				CLANG_ANALYZER_NONNULL = YES;
				CLANG_ANALYZER_NUMBER_OBJECT_CONVERSION = YES_AGGRESSIVE;
				CLANG_CXX_LANGUAGE_STANDARD = "gnu++14";
				CLANG_CXX_LIBRARY = "libc++";
				CLANG_ENABLE_MODULES = YES;
				CLANG_ENABLE_OBJC_ARC = YES;
				CLANG_ENABLE_OBJC_WEAK = YES;
				CLANG_WARN_BLOCK_CAPTURE_AUTORELEASING = YES;
				CLANG_WARN_BOOL_CONVERSION = YES;
				CLANG_WARN_COMMA = YES;
				CLANG_WARN_CONSTANT_CONVERSION = YES;
				CLANG_WARN_DEPRECATED_OBJC_IMPLEMENTATIONS = YES;
				CLANG_WARN_DIRECT_OBJC_ISA_USAGE = YES_ERROR;
				CLANG_WARN_DOCUMENTATION_COMMENTS = YES;
				CLANG_WARN_EMPTY_BODY = YES;
				CLANG_WARN_ENUM_CONVERSION = YES;
				CLANG_WARN_INFINITE_RECURSION = YES;
				CLANG_WARN_INT_CONVERSION = YES;
				CLANG_WARN_NON_LITERAL_NULL_CONVERSION = YES;
				CLANG_WARN_OBJC_IMPLICIT_RETAIN_SELF = YES;
				CLANG_WARN_OBJC_LITERAL_CONVERSION = YES;
				CLANG_WARN_OBJC_ROOT_CLASS = YES_ERROR;
				CLANG_WARN_RANGE_LOOP_ANALYSIS = YES;
				CLANG_WARN_STRICT_PROTOTYPES = YES;
				CLANG_WARN_SUSPICIOUS_MOVE = YES;
				CLANG_WARN_UNGUARDED_AVAILABILITY = YES_AGGRESSIVE;
				CLANG_WARN_UNREACHABLE_CODE = YES;
				CLANG_WARN__DUPLICATE_METHOD_MATCH = YES;
				COPY_PHASE_STRIP = NO;
				DEBUG_INFORMATION_FORMAT = "dwarf-with-dsym";
				ENABLE_NS_ASSERTIONS = NO;
				ENABLE_STRICT_OBJC_MSGSEND = YES;
				GCC_C_LANGUAGE_STANDARD = gnu11;
				GCC_NO_COMMON_BLOCKS = YES;
				GCC_WARN_64_TO_32_BIT_CONVERSION = YES;
				GCC_WARN_ABOUT_RETURN_TYPE = YES_ERROR;
				GCC_WARN_UNDECLARED_SELECTOR = YES;
				GCC_WARN_UNINITIALIZED_AUTOS = YES_AGGRESSIVE;
				GCC_WARN_UNUSED_FUNCTION = YES;
				GCC_WARN_UNUSED_VARIABLE = YES;
				IPHONEOS_DEPLOYMENT_TARGET = 13.1;
				MTL_ENABLE_DEBUG_INFO = NO;
				MTL_FAST_MATH = YES;
				SDKROOT = iphoneos;
				SWIFT_COMPILATION_MODE = wholemodule;
				SWIFT_OPTIMIZATION_LEVEL = "-O";
				VALIDATE_PRODUCT = YES;
			};
			name = Release;
		};
		88A60AE623644AAE0013A254 /* Debug */ = {
			isa = XCBuildConfiguration;
			baseConfigurationReference = 471018A9FA95ABBF16D82203 /* Pods-Surprise.debug.xcconfig */;
			buildSettings = {
				ASSETCATALOG_COMPILER_APPICON_NAME = AppIcon;
				CODE_SIGN_STYLE = Automatic;
				DEVELOPMENT_TEAM = GLQY2SH5YN;
				INFOPLIST_FILE = Surprise/Info.plist;
				IPHONEOS_DEPLOYMENT_TARGET = 11.0;
				LD_RUNPATH_SEARCH_PATHS = (
					"$(inherited)",
					"@executable_path/Frameworks",
				);
				PRODUCT_BUNDLE_IDENTIFIER = com.magauran.Surprise;
				PRODUCT_NAME = "$(TARGET_NAME)";
				SWIFT_VERSION = 5.0;
				TARGETED_DEVICE_FAMILY = 1;
			};
			name = Debug;
		};
		88A60AE723644AAE0013A254 /* Release */ = {
			isa = XCBuildConfiguration;
			baseConfigurationReference = 45130EDE575F525563006F2D /* Pods-Surprise.release.xcconfig */;
			buildSettings = {
				ASSETCATALOG_COMPILER_APPICON_NAME = AppIcon;
				CODE_SIGN_STYLE = Automatic;
				DEVELOPMENT_TEAM = GLQY2SH5YN;
				INFOPLIST_FILE = Surprise/Info.plist;
				IPHONEOS_DEPLOYMENT_TARGET = 11.0;
				LD_RUNPATH_SEARCH_PATHS = (
					"$(inherited)",
					"@executable_path/Frameworks",
				);
				PRODUCT_BUNDLE_IDENTIFIER = com.magauran.Surprise;
				PRODUCT_NAME = "$(TARGET_NAME)";
				SWIFT_VERSION = 5.0;
				TARGETED_DEVICE_FAMILY = 1;
			};
			name = Release;
		};
		88A60AE923644AAE0013A254 /* Debug */ = {
			isa = XCBuildConfiguration;
			baseConfigurationReference = 351D06C576A8EC275AD33F64 /* Pods-SurpriseTests.debug.xcconfig */;
			buildSettings = {
				ALWAYS_EMBED_SWIFT_STANDARD_LIBRARIES = YES;
				BUNDLE_LOADER = "$(TEST_HOST)";
				CODE_SIGN_STYLE = Automatic;
				DEVELOPMENT_TEAM = GLQY2SH5YN;
				INFOPLIST_FILE = SurpriseTests/Info.plist;
				IPHONEOS_DEPLOYMENT_TARGET = 13.1;
				LD_RUNPATH_SEARCH_PATHS = (
					"$(inherited)",
					"@executable_path/Frameworks",
					"@loader_path/Frameworks",
				);
				PRODUCT_BUNDLE_IDENTIFIER = com.magauran.SurpriseTests;
				PRODUCT_NAME = "$(TARGET_NAME)";
				SWIFT_VERSION = 5.0;
				TARGETED_DEVICE_FAMILY = "1,2";
				TEST_HOST = "$(BUILT_PRODUCTS_DIR)/Surprise.app/Surprise";
			};
			name = Debug;
		};
		88A60AEA23644AAE0013A254 /* Release */ = {
			isa = XCBuildConfiguration;
			baseConfigurationReference = D020D10873280F0D6F8DA671 /* Pods-SurpriseTests.release.xcconfig */;
			buildSettings = {
				ALWAYS_EMBED_SWIFT_STANDARD_LIBRARIES = YES;
				BUNDLE_LOADER = "$(TEST_HOST)";
				CODE_SIGN_STYLE = Automatic;
				DEVELOPMENT_TEAM = GLQY2SH5YN;
				INFOPLIST_FILE = SurpriseTests/Info.plist;
				IPHONEOS_DEPLOYMENT_TARGET = 13.1;
				LD_RUNPATH_SEARCH_PATHS = (
					"$(inherited)",
					"@executable_path/Frameworks",
					"@loader_path/Frameworks",
				);
				PRODUCT_BUNDLE_IDENTIFIER = com.magauran.SurpriseTests;
				PRODUCT_NAME = "$(TARGET_NAME)";
				SWIFT_VERSION = 5.0;
				TARGETED_DEVICE_FAMILY = "1,2";
				TEST_HOST = "$(BUILT_PRODUCTS_DIR)/Surprise.app/Surprise";
			};
			name = Release;
		};
		88A60AEC23644AAE0013A254 /* Debug */ = {
			isa = XCBuildConfiguration;
			baseConfigurationReference = 5F56F97B04B0F769484B0679 /* Pods-SurpriseUITests.debug.xcconfig */;
			buildSettings = {
				ALWAYS_EMBED_SWIFT_STANDARD_LIBRARIES = YES;
				CODE_SIGN_STYLE = Automatic;
				DEVELOPMENT_TEAM = GLQY2SH5YN;
				INFOPLIST_FILE = SurpriseUITests/Info.plist;
				LD_RUNPATH_SEARCH_PATHS = (
					"$(inherited)",
					"@executable_path/Frameworks",
					"@loader_path/Frameworks",
				);
				PRODUCT_BUNDLE_IDENTIFIER = com.magauran.SurpriseUITests;
				PRODUCT_NAME = "$(TARGET_NAME)";
				SWIFT_VERSION = 5.0;
				TARGETED_DEVICE_FAMILY = "1,2";
				TEST_TARGET_NAME = Surprise;
			};
			name = Debug;
		};
		88A60AED23644AAE0013A254 /* Release */ = {
			isa = XCBuildConfiguration;
			baseConfigurationReference = 0E210B93E4642701FA00F35B /* Pods-SurpriseUITests.release.xcconfig */;
			buildSettings = {
				ALWAYS_EMBED_SWIFT_STANDARD_LIBRARIES = YES;
				CODE_SIGN_STYLE = Automatic;
				DEVELOPMENT_TEAM = GLQY2SH5YN;
				INFOPLIST_FILE = SurpriseUITests/Info.plist;
				LD_RUNPATH_SEARCH_PATHS = (
					"$(inherited)",
					"@executable_path/Frameworks",
					"@loader_path/Frameworks",
				);
				PRODUCT_BUNDLE_IDENTIFIER = com.magauran.SurpriseUITests;
				PRODUCT_NAME = "$(TARGET_NAME)";
				SWIFT_VERSION = 5.0;
				TARGETED_DEVICE_FAMILY = "1,2";
				TEST_TARGET_NAME = Surprise;
			};
			name = Release;
		};
/* End XCBuildConfiguration section */

/* Begin XCConfigurationList section */
		88A60AB623644AAD0013A254 /* Build configuration list for PBXProject "Surprise" */ = {
			isa = XCConfigurationList;
			buildConfigurations = (
				88A60AE323644AAE0013A254 /* Debug */,
				88A60AE423644AAE0013A254 /* Release */,
			);
			defaultConfigurationIsVisible = 0;
			defaultConfigurationName = Release;
		};
		88A60AE523644AAE0013A254 /* Build configuration list for PBXNativeTarget "Surprise" */ = {
			isa = XCConfigurationList;
			buildConfigurations = (
				88A60AE623644AAE0013A254 /* Debug */,
				88A60AE723644AAE0013A254 /* Release */,
			);
			defaultConfigurationIsVisible = 0;
			defaultConfigurationName = Release;
		};
		88A60AE823644AAE0013A254 /* Build configuration list for PBXNativeTarget "SurpriseTests" */ = {
			isa = XCConfigurationList;
			buildConfigurations = (
				88A60AE923644AAE0013A254 /* Debug */,
				88A60AEA23644AAE0013A254 /* Release */,
			);
			defaultConfigurationIsVisible = 0;
			defaultConfigurationName = Release;
		};
		88A60AEB23644AAE0013A254 /* Build configuration list for PBXNativeTarget "SurpriseUITests" */ = {
			isa = XCConfigurationList;
			buildConfigurations = (
				88A60AEC23644AAE0013A254 /* Debug */,
				88A60AED23644AAE0013A254 /* Release */,
			);
			defaultConfigurationIsVisible = 0;
			defaultConfigurationName = Release;
		};
/* End XCConfigurationList section */
	};
	rootObject = 88A60AB323644AAD0013A254 /* Project object */;
}
